
Microsoft Visual Studio Solution File, Format Version 11.00
# Visual Studio 2010
Project("{F184B08F-C81C-45F6-A57F-5ABD9991F28F}") = "WindowsApplication1", "WindowsApplication1\WindowsApplication1.vbproj", "{4D1B1E61-CCA5-429F-89BD-52030814D8C5}"
EndProject
Global
	GlobalSection(SolutionConfigurationPlatforms) = preSolution
		Debug|x86 = Debug|x86
		Release|x86 = Release|x86
	EndGlobalSection
	GlobalSection(ProjectConfigurationPlatforms) = postSolution
		{4D1B1E61-CCA5-429F-89BD-52030814D8C5}.Debug|x86.ActiveCfg = Debug|x86
		{4D1B1E61-CCA5-429F-89BD-52030814D8C5}.Debug|x86.Build.0 = Debug|x86
		{4D1B1E61-CCA5-429F-89BD-52030814D8C5}.Release|x86.ActiveCfg = Release|x86
		{4D1B1E61-CCA5-429F-89BD-52030814D8C5}.Release|x86.Build.0 = Release|x86
	EndGlobalSection
	GlobalSection(SolutionProperties) = preSolution
		HideSolutionNode = FALSE
	EndGlobalSection
EndGlobal
